
Microsoft Visual Studio Solution File, Format Version 12.00
# Visual Studio Version 16
VisualStudioVersion = 16.0.30804.86
MinimumVisualStudioVersion = 10.0.40219.1
Project("{9A19103F-16F7-4668-BE54-9A1E7A4F7556}") = "Parsing", "ClassExamples\Parsing\Parsing.csproj", "{76E9BA7F-8E55-4B1E-9BA4-CD1A2678A5C4}"
EndProject
Project("{9A19103F-16F7-4668-BE54-9A1E7A4F7556}") = "Statics", "ClassExamples\Statics\Statics.csproj", "{1B0482BF-A7BA-4F1A-8003-AEF1555147CC}"
EndProject
Project("{9A19103F-16F7-4668-BE54-9A1E7A4F7556}") = "Enumerations", "ClassExamples\Enumerations\Enumerations.csproj", "{56A42DA9-7CE4-4E00-B531-3BEE6985844A}"
EndProject
Project("{9A19103F-16F7-4668-BE54-9A1E7A4F7556}") = "ExtensionMethods", "ClassExamples\ExtensionMethods\ExtensionMethods.csproj", "{A9AA6236-EA7C-49F3-9C2C-B23F5480FBCB}"
EndProject
Project("{9A19103F-16F7-4668-BE54-9A1E7A4F7556}") = "CollectionsAndGenerics", "ClassExamples\CollectionsAndGenerics\CollectionsAndGenerics.csproj", "{29FFD05B-2375-4074-A77F-A0D2710D7BB2}"
EndProject
Project("{9A19103F-16F7-4668-BE54-9A1E7A4F7556}") = "MyTestProject", "ClassExamples\MyTestProject\MyTestProject.csproj", "{1DD0E750-B026-4200-9518-03EF8BD1BD8A}"
EndProject
Project("{9A19103F-16F7-4668-BE54-9A1E7A4F7556}") = "OOPConcepts", "ClassExamples\OOPConcepts\OOPConcepts.csproj", "{E835165E-3D19-4FAC-9CF7-2E689A4B38B2}"
EndProject
Project("{9A19103F-16F7-4668-BE54-9A1E7A4F7556}") = "ConsoleApplication", "ClassExamples\ConsoleApplication\ConsoleApplication.csproj", "{3C59B0B5-1E02-4C82-88C0-F4C610BF452B}"
EndProject
Project("{9A19103F-16F7-4668-BE54-9A1E7A4F7556}") = "Interafaces", "ClassExamples\Interafaces\Interafaces.csproj", "{D2ED2272-18E5-4D28-AF1F-40EBB56237D6}"
EndProject
Project("{9A19103F-16F7-4668-BE54-9A1E7A4F7556}") = "WebApplication", "ClassExamples\WebApplication\WebApplication.csproj", "{FDF2C10F-873A-4408-8420-DF3DBB25DF9A}"
EndProject
Project("{9A19103F-16F7-4668-BE54-9A1E7A4F7556}") = "Delegation", "ClassExamples\Delegation\Delegation.csproj", "{ADB90793-3702-4204-8C9D-4365FE919A3B}"
EndProject
Project("{2150E333-8FDC-42A3-9474-1A3956D46DE8}") = "ClassExamples", "ClassExamples", "{22648676-9D92-4796-AD1A-0E867BF54D84}"
EndProject
Project("{2150E333-8FDC-42A3-9474-1A3956D46DE8}") = "LabSolutions", "LabSolutions", "{1DAEE951-ED33-4BFA-ACD0-178EB89BF3DC}"
EndProject
Project("{2150E333-8FDC-42A3-9474-1A3956D46DE8}") = "CodeByExample", "CodeByExample", "{11CEB7B6-B33C-4473-B39F-05522DB856AE}"
EndProject
Project("{9A19103F-16F7-4668-BE54-9A1E7A4F7556}") = "DataTypes", "ClassExamples\DataTypes\DataTypes.csproj", "{753D094F-A47C-4A6E-AB72-F6B64A01A346}"
EndProject
Project("{9A19103F-16F7-4668-BE54-9A1E7A4F7556}") = "Strings", "ClassExamples\Strings\Strings.csproj", "{4A47A71B-96F8-489D-B52F-5D261562B74B}"
EndProject
Project("{9A19103F-16F7-4668-BE54-9A1E7A4F7556}") = "ConditionsAndLoops", "ClassExamples\ConditionsAndLoops\ConditionsAndLoops.csproj", "{13769A57-F8F1-4C58-A2D9-2D378911F31E}"
EndProject
Project("{9A19103F-16F7-4668-BE54-9A1E7A4F7556}") = "CarsRevisited", "ClassExamples\CarsRevisited\CarsRevisited.csproj", "{11DC34A6-875E-4522-8591-9A235112CE02}"
EndProject
Project("{9A19103F-16F7-4668-BE54-9A1E7A4F7556}") = "Loopy", "ClassExamples\Loopy\Loopy.csproj", "{891A238D-844A-4CC8-8090-2B9AAD93341A}"
EndProject
Project("{9A19103F-16F7-4668-BE54-9A1E7A4F7556}") = "LINQy", "ClassExamples\LINQy\LINQy.csproj", "{EC6F1797-E855-4EB1-957C-01AA5AE9A981}"
EndProject
Project("{9A19103F-16F7-4668-BE54-9A1E7A4F7556}") = "ExtensionMethodsLabs", "LabSolutions\ExtensionMethodsLabs\ExtensionMethodsLabs.csproj", "{06A6AA10-08A3-474D-BD40-5E1CD08337EC}"
EndProject
Project("{9A19103F-16F7-4668-BE54-9A1E7A4F7556}") = "InheritanceLabs", "LabSolutions\InheritanceLabs\InheritanceLabs.csproj", "{618D2288-5018-4868-A999-66F636DCE2E7}"
EndProject
Project("{9A19103F-16F7-4668-BE54-9A1E7A4F7556}") = "ListsLab", "LabSolutions\ListsLab\ListsLab.csproj", "{46166DE5-6954-4812-A4ED-59D106EE7E02}"
EndProject
Project("{9A19103F-16F7-4668-BE54-9A1E7A4F7556}") = "Arrays", "ClassExamples\Arrays\Arrays.csproj", "{80A12E29-5CCE-46BF-B6DC-33815370C4E4}"
EndProject
Project("{9A19103F-16F7-4668-BE54-9A1E7A4F7556}") = "Dictionaries", "ClassExamples\Dictionaries\Dictionaries.csproj", "{F7B94567-7ADD-409F-99B2-76C5D3679F34}"
EndProject
Project("{9A19103F-16F7-4668-BE54-9A1E7A4F7556}") = "InterfacesLab", "LabSolutions\InterfacesLab\InterfacesLab.csproj", "{5CC53CC7-FE32-469A-BED3-44AFFA016EE0}"
EndProject
Project("{9A19103F-16F7-4668-BE54-9A1E7A4F7556}") = "DictionaryLab", "LabSolutions\DictionaryLab\DictionaryLab.csproj", "{126D60D8-71BF-4B7D-BAB5-2425C5337BCE}"
EndProject
Project("{9A19103F-16F7-4668-BE54-9A1E7A4F7556}") = "EnumLabs", "LabSolutions\EnumLabs\EnumLabs.csproj", "{FA03D160-DFF7-4BC4-B08C-DBE0771472D7}"
EndProject
Project("{FAE04EC0-301F-11D3-BF4B-00C04F79EFBC}") = "EF", "ClassExamples\EF\EF.csproj", "{D83E99D8-68D0-4FA8-83EB-B47C16FADCD2}"
EndProject
Project("{FAE04EC0-301F-11D3-BF4B-00C04F79EFBC}") = "EFAPI", "ClassExamples\EFAPI\EFAPI.csproj", "{7C82C90E-958D-4322-8F12-203F40D0CC88}"
EndProject
Project("{FAE04EC0-301F-11D3-BF4B-00C04F79EFBC}") = "WindowsFormsApp", "ClassExamples\WindowsFormsApp\WindowsFormsApp.csproj", "{9B56C135-B958-47B4-9268-E366697A7911}"
EndProject
Project("{FAE04EC0-301F-11D3-BF4B-00C04F79EFBC}") = "WPFApp", "ClassExamples\WPFApp\WPFApp.csproj", "{B476A690-CC60-4490-9DEB-B2AB45BAC04E}"
EndProject
Project("{FAE04EC0-301F-11D3-BF4B-00C04F79EFBC}") = "UWPApp", "ClassExamples\UWPApp\UWPApp.csproj", "{111EE50D-5E65-4EE4-8189-4178810502B1}"
EndProject
Project("{FAE04EC0-301F-11D3-BF4B-00C04F79EFBC}") = "CathingAndHandlingExceptions", "ClassExamples\CathingAndHandlingExceptions\CathingAndHandlingExceptions.csproj", "{6BD910A6-E8CF-4CCA-96C5-FA3B5F23B1D7}"
EndProject
Global
	GlobalSection(SolutionConfigurationPlatforms) = preSolution
		Debug|Any CPU = Debug|Any CPU
		Debug|ARM = Debug|ARM
		Debug|ARM64 = Debug|ARM64
		Debug|x64 = Debug|x64
		Debug|x86 = Debug|x86
		Release|Any CPU = Release|Any CPU
		Release|ARM = Release|ARM
		Release|ARM64 = Release|ARM64
		Release|x64 = Release|x64
		Release|x86 = Release|x86
	EndGlobalSection
	GlobalSection(ProjectConfigurationPlatforms) = postSolution
		{76E9BA7F-8E55-4B1E-9BA4-CD1A2678A5C4}.Debug|Any CPU.ActiveCfg = Debug|Any CPU
		{76E9BA7F-8E55-4B1E-9BA4-CD1A2678A5C4}.Debug|Any CPU.Build.0 = Debug|Any CPU
		{76E9BA7F-8E55-4B1E-9BA4-CD1A2678A5C4}.Debug|ARM.ActiveCfg = Debug|Any CPU
		{76E9BA7F-8E55-4B1E-9BA4-CD1A2678A5C4}.Debug|ARM.Build.0 = Debug|Any CPU
		{76E9BA7F-8E55-4B1E-9BA4-CD1A2678A5C4}.Debug|ARM64.ActiveCfg = Debug|Any CPU
		{76E9BA7F-8E55-4B1E-9BA4-CD1A2678A5C4}.Debug|ARM64.Build.0 = Debug|Any CPU
		{76E9BA7F-8E55-4B1E-9BA4-CD1A2678A5C4}.Debug|x64.ActiveCfg = Debug|Any CPU
		{76E9BA7F-8E55-4B1E-9BA4-CD1A2678A5C4}.Debug|x64.Build.0 = Debug|Any CPU
		{76E9BA7F-8E55-4B1E-9BA4-CD1A2678A5C4}.Debug|x86.ActiveCfg = Debug|Any CPU
		{76E9BA7F-8E55-4B1E-9BA4-CD1A2678A5C4}.Debug|x86.Build.0 = Debug|Any CPU
		{76E9BA7F-8E55-4B1E-9BA4-CD1A2678A5C4}.Release|Any CPU.ActiveCfg = Release|Any CPU
		{76E9BA7F-8E55-4B1E-9BA4-CD1A2678A5C4}.Release|Any CPU.Build.0 = Release|Any CPU
		{76E9BA7F-8E55-4B1E-9BA4-CD1A2678A5C4}.Release|ARM.ActiveCfg = Release|Any CPU
		{76E9BA7F-8E55-4B1E-9BA4-CD1A2678A5C4}.Release|ARM.Build.0 = Release|Any CPU
		{76E9BA7F-8E55-4B1E-9BA4-CD1A2678A5C4}.Release|ARM64.ActiveCfg = Release|Any CPU
		{76E9BA7F-8E55-4B1E-9BA4-CD1A2678A5C4}.Release|ARM64.Build.0 = Release|Any CPU
		{76E9BA7F-8E55-4B1E-9BA4-CD1A2678A5C4}.Release|x64.ActiveCfg = Release|Any CPU
		{76E9BA7F-8E55-4B1E-9BA4-CD1A2678A5C4}.Release|x64.Build.0 = Release|Any CPU
		{76E9BA7F-8E55-4B1E-9BA4-CD1A2678A5C4}.Release|x86.ActiveCfg = Release|Any CPU
		{76E9BA7F-8E55-4B1E-9BA4-CD1A2678A5C4}.Release|x86.Build.0 = Release|Any CPU
		{1B0482BF-A7BA-4F1A-8003-AEF1555147CC}.Debug|Any CPU.ActiveCfg = Debug|Any CPU
		{1B0482BF-A7BA-4F1A-8003-AEF1555147CC}.Debug|Any CPU.Build.0 = Debug|Any CPU
		{1B0482BF-A7BA-4F1A-8003-AEF1555147CC}.Debug|ARM.ActiveCfg = Debug|Any CPU
		{1B0482BF-A7BA-4F1A-8003-AEF1555147CC}.Debug|ARM.Build.0 = Debug|Any CPU
		{1B0482BF-A7BA-4F1A-8003-AEF1555147CC}.Debug|ARM64.ActiveCfg = Debug|Any CPU
		{1B0482BF-A7BA-4F1A-8003-AEF1555147CC}.Debug|ARM64.Build.0 = Debug|Any CPU
		{1B0482BF-A7BA-4F1A-8003-AEF1555147CC}.Debug|x64.ActiveCfg = Debug|Any CPU
		{1B0482BF-A7BA-4F1A-8003-AEF1555147CC}.Debug|x64.Build.0 = Debug|Any CPU
		{1B0482BF-A7BA-4F1A-8003-AEF1555147CC}.Debug|x86.ActiveCfg = Debug|Any CPU
		{1B0482BF-A7BA-4F1A-8003-AEF1555147CC}.Debug|x86.Build.0 = Debug|Any CPU
		{1B0482BF-A7BA-4F1A-8003-AEF1555147CC}.Release|Any CPU.ActiveCfg = Release|Any CPU
		{1B0482BF-A7BA-4F1A-8003-AEF1555147CC}.Release|Any CPU.Build.0 = Release|Any CPU
		{1B0482BF-A7BA-4F1A-8003-AEF1555147CC}.Release|ARM.ActiveCfg = Release|Any CPU
		{1B0482BF-A7BA-4F1A-8003-AEF1555147CC}.Release|ARM.Build.0 = Release|Any CPU
		{1B0482BF-A7BA-4F1A-8003-AEF1555147CC}.Release|ARM64.ActiveCfg = Release|Any CPU
		{1B0482BF-A7BA-4F1A-8003-AEF1555147CC}.Release|ARM64.Build.0 = Release|Any CPU
		{1B0482BF-A7BA-4F1A-8003-AEF1555147CC}.Release|x64.ActiveCfg = Release|Any CPU
		{1B0482BF-A7BA-4F1A-8003-AEF1555147CC}.Release|x64.Build.0 = Release|Any CPU
		{1B0482BF-A7BA-4F1A-8003-AEF1555147CC}.Release|x86.ActiveCfg = Release|Any CPU
		{1B0482BF-A7BA-4F1A-8003-AEF1555147CC}.Release|x86.Build.0 = Release|Any CPU
		{56A42DA9-7CE4-4E00-B531-3BEE6985844A}.Debug|Any CPU.ActiveCfg = Debug|Any CPU
		{56A42DA9-7CE4-4E00-B531-3BEE6985844A}.Debug|Any CPU.Build.0 = Debug|Any CPU
		{56A42DA9-7CE4-4E00-B531-3BEE6985844A}.Debug|ARM.ActiveCfg = Debug|Any CPU
		{56A42DA9-7CE4-4E00-B531-3BEE6985844A}.Debug|ARM.Build.0 = Debug|Any CPU
		{56A42DA9-7CE4-4E00-B531-3BEE6985844A}.Debug|ARM64.ActiveCfg = Debug|Any CPU
		{56A42DA9-7CE4-4E00-B531-3BEE6985844A}.Debug|ARM64.Build.0 = Debug|Any CPU
		{56A42DA9-7CE4-4E00-B531-3BEE6985844A}.Debug|x64.ActiveCfg = Debug|Any CPU
		{56A42DA9-7CE4-4E00-B531-3BEE6985844A}.Debug|x64.Build.0 = Debug|Any CPU
		{56A42DA9-7CE4-4E00-B531-3BEE6985844A}.Debug|x86.ActiveCfg = Debug|Any CPU
		{56A42DA9-7CE4-4E00-B531-3BEE6985844A}.Debug|x86.Build.0 = Debug|Any CPU
		{56A42DA9-7CE4-4E00-B531-3BEE6985844A}.Release|Any CPU.ActiveCfg = Release|Any CPU
		{56A42DA9-7CE4-4E00-B531-3BEE6985844A}.Release|Any CPU.Build.0 = Release|Any CPU
		{56A42DA9-7CE4-4E00-B531-3BEE6985844A}.Release|ARM.ActiveCfg = Release|Any CPU
		{56A42DA9-7CE4-4E00-B531-3BEE6985844A}.Release|ARM.Build.0 = Release|Any CPU
		{56A42DA9-7CE4-4E00-B531-3BEE6985844A}.Release|ARM64.ActiveCfg = Release|Any CPU
		{56A42DA9-7CE4-4E00-B531-3BEE6985844A}.Release|ARM64.Build.0 = Release|Any CPU
		{56A42DA9-7CE4-4E00-B531-3BEE6985844A}.Release|x64.ActiveCfg = Release|Any CPU
		{56A42DA9-7CE4-4E00-B531-3BEE6985844A}.Release|x64.Build.0 = Release|Any CPU
		{56A42DA9-7CE4-4E00-B531-3BEE6985844A}.Release|x86.ActiveCfg = Release|Any CPU
		{56A42DA9-7CE4-4E00-B531-3BEE6985844A}.Release|x86.Build.0 = Release|Any CPU
		{A9AA6236-EA7C-49F3-9C2C-B23F5480FBCB}.Debug|Any CPU.ActiveCfg = Debug|Any CPU
		{A9AA6236-EA7C-49F3-9C2C-B23F5480FBCB}.Debug|Any CPU.Build.0 = Debug|Any CPU
		{A9AA6236-EA7C-49F3-9C2C-B23F5480FBCB}.Debug|ARM.ActiveCfg = Debug|Any CPU
		{A9AA6236-EA7C-49F3-9C2C-B23F5480FBCB}.Debug|ARM.Build.0 = Debug|Any CPU
		{A9AA6236-EA7C-49F3-9C2C-B23F5480FBCB}.Debug|ARM64.ActiveCfg = Debug|Any CPU
		{A9AA6236-EA7C-49F3-9C2C-B23F5480FBCB}.Debug|ARM64.Build.0 = Debug|Any CPU
		{A9AA6236-EA7C-49F3-9C2C-B23F5480FBCB}.Debug|x64.ActiveCfg = Debug|Any CPU
		{A9AA6236-EA7C-49F3-9C2C-B23F5480FBCB}.Debug|x64.Build.0 = Debug|Any CPU
		{A9AA6236-EA7C-49F3-9C2C-B23F5480FBCB}.Debug|x86.ActiveCfg = Debug|Any CPU
		{A9AA6236-EA7C-49F3-9C2C-B23F5480FBCB}.Debug|x86.Build.0 = Debug|Any CPU
		{A9AA6236-EA7C-49F3-9C2C-B23F5480FBCB}.Release|Any CPU.ActiveCfg = Release|Any CPU
		{A9AA6236-EA7C-49F3-9C2C-B23F5480FBCB}.Release|Any CPU.Build.0 = Release|Any CPU
		{A9AA6236-EA7C-49F3-9C2C-B23F5480FBCB}.Release|ARM.ActiveCfg = Release|Any CPU
		{A9AA6236-EA7C-49F3-9C2C-B23F5480FBCB}.Release|ARM.Build.0 = Release|Any CPU
		{A9AA6236-EA7C-49F3-9C2C-B23F5480FBCB}.Release|ARM64.ActiveCfg = Release|Any CPU
		{A9AA6236-EA7C-49F3-9C2C-B23F5480FBCB}.Release|ARM64.Build.0 = Release|Any CPU
		{A9AA6236-EA7C-49F3-9C2C-B23F5480FBCB}.Release|x64.ActiveCfg = Release|Any CPU
		{A9AA6236-EA7C-49F3-9C2C-B23F5480FBCB}.Release|x64.Build.0 = Release|Any CPU
		{A9AA6236-EA7C-49F3-9C2C-B23F5480FBCB}.Release|x86.ActiveCfg = Release|Any CPU
		{A9AA6236-EA7C-49F3-9C2C-B23F5480FBCB}.Release|x86.Build.0 = Release|Any CPU
		{29FFD05B-2375-4074-A77F-A0D2710D7BB2}.Debug|Any CPU.ActiveCfg = Debug|Any CPU
		{29FFD05B-2375-4074-A77F-A0D2710D7BB2}.Debug|Any CPU.Build.0 = Debug|Any CPU
		{29FFD05B-2375-4074-A77F-A0D2710D7BB2}.Debug|ARM.ActiveCfg = Debug|Any CPU
		{29FFD05B-2375-4074-A77F-A0D2710D7BB2}.Debug|ARM.Build.0 = Debug|Any CPU
		{29FFD05B-2375-4074-A77F-A0D2710D7BB2}.Debug|ARM64.ActiveCfg = Debug|Any CPU
		{29FFD05B-2375-4074-A77F-A0D2710D7BB2}.Debug|ARM64.Build.0 = Debug|Any CPU
		{29FFD05B-2375-4074-A77F-A0D2710D7BB2}.Debug|x64.ActiveCfg = Debug|Any CPU
		{29FFD05B-2375-4074-A77F-A0D2710D7BB2}.Debug|x64.Build.0 = Debug|Any CPU
		{29FFD05B-2375-4074-A77F-A0D2710D7BB2}.Debug|x86.ActiveCfg = Debug|Any CPU
		{29FFD05B-2375-4074-A77F-A0D2710D7BB2}.Debug|x86.Build.0 = Debug|Any CPU
		{29FFD05B-2375-4074-A77F-A0D2710D7BB2}.Release|Any CPU.ActiveCfg = Release|Any CPU
		{29FFD05B-2375-4074-A77F-A0D2710D7BB2}.Release|Any CPU.Build.0 = Release|Any CPU
		{29FFD05B-2375-4074-A77F-A0D2710D7BB2}.Release|ARM.ActiveCfg = Release|Any CPU
		{29FFD05B-2375-4074-A77F-A0D2710D7BB2}.Release|ARM.Build.0 = Release|Any CPU
		{29FFD05B-2375-4074-A77F-A0D2710D7BB2}.Release|ARM64.ActiveCfg = Release|Any CPU
		{29FFD05B-2375-4074-A77F-A0D2710D7BB2}.Release|ARM64.Build.0 = Release|Any CPU
		{29FFD05B-2375-4074-A77F-A0D2710D7BB2}.Release|x64.ActiveCfg = Release|Any CPU
		{29FFD05B-2375-4074-A77F-A0D2710D7BB2}.Release|x64.Build.0 = Release|Any CPU
		{29FFD05B-2375-4074-A77F-A0D2710D7BB2}.Release|x86.ActiveCfg = Release|Any CPU
		{29FFD05B-2375-4074-A77F-A0D2710D7BB2}.Release|x86.Build.0 = Release|Any CPU
		{1DD0E750-B026-4200-9518-03EF8BD1BD8A}.Debug|Any CPU.ActiveCfg = Debug|Any CPU
		{1DD0E750-B026-4200-9518-03EF8BD1BD8A}.Debug|Any CPU.Build.0 = Debug|Any CPU
		{1DD0E750-B026-4200-9518-03EF8BD1BD8A}.Debug|ARM.ActiveCfg = Debug|Any CPU
		{1DD0E750-B026-4200-9518-03EF8BD1BD8A}.Debug|ARM.Build.0 = Debug|Any CPU
		{1DD0E750-B026-4200-9518-03EF8BD1BD8A}.Debug|ARM64.ActiveCfg = Debug|Any CPU
		{1DD0E750-B026-4200-9518-03EF8BD1BD8A}.Debug|ARM64.Build.0 = Debug|Any CPU
		{1DD0E750-B026-4200-9518-03EF8BD1BD8A}.Debug|x64.ActiveCfg = Debug|Any CPU
		{1DD0E750-B026-4200-9518-03EF8BD1BD8A}.Debug|x64.Build.0 = Debug|Any CPU
		{1DD0E750-B026-4200-9518-03EF8BD1BD8A}.Debug|x86.ActiveCfg = Debug|Any CPU
		{1DD0E750-B026-4200-9518-03EF8BD1BD8A}.Debug|x86.Build.0 = Debug|Any CPU
		{1DD0E750-B026-4200-9518-03EF8BD1BD8A}.Release|Any CPU.ActiveCfg = Release|Any CPU
		{1DD0E750-B026-4200-9518-03EF8BD1BD8A}.Release|Any CPU.Build.0 = Release|Any CPU
		{1DD0E750-B026-4200-9518-03EF8BD1BD8A}.Release|ARM.ActiveCfg = Release|Any CPU
		{1DD0E750-B026-4200-9518-03EF8BD1BD8A}.Release|ARM.Build.0 = Release|Any CPU
		{1DD0E750-B026-4200-9518-03EF8BD1BD8A}.Release|ARM64.ActiveCfg = Release|Any CPU
		{1DD0E750-B026-4200-9518-03EF8BD1BD8A}.Release|ARM64.Build.0 = Release|Any CPU
		{1DD0E750-B026-4200-9518-03EF8BD1BD8A}.Release|x64.ActiveCfg = Release|Any CPU
		{1DD0E750-B026-4200-9518-03EF8BD1BD8A}.Release|x64.Build.0 = Release|Any CPU
		{1DD0E750-B026-4200-9518-03EF8BD1BD8A}.Release|x86.ActiveCfg = Release|Any CPU
		{1DD0E750-B026-4200-9518-03EF8BD1BD8A}.Release|x86.Build.0 = Release|Any CPU
		{E835165E-3D19-4FAC-9CF7-2E689A4B38B2}.Debug|Any CPU.ActiveCfg = Debug|Any CPU
		{E835165E-3D19-4FAC-9CF7-2E689A4B38B2}.Debug|Any CPU.Build.0 = Debug|Any CPU
		{E835165E-3D19-4FAC-9CF7-2E689A4B38B2}.Debug|ARM.ActiveCfg = Debug|Any CPU
		{E835165E-3D19-4FAC-9CF7-2E689A4B38B2}.Debug|ARM.Build.0 = Debug|Any CPU
		{E835165E-3D19-4FAC-9CF7-2E689A4B38B2}.Debug|ARM64.ActiveCfg = Debug|Any CPU
		{E835165E-3D19-4FAC-9CF7-2E689A4B38B2}.Debug|ARM64.Build.0 = Debug|Any CPU
		{E835165E-3D19-4FAC-9CF7-2E689A4B38B2}.Debug|x64.ActiveCfg = Debug|Any CPU
		{E835165E-3D19-4FAC-9CF7-2E689A4B38B2}.Debug|x64.Build.0 = Debug|Any CPU
		{E835165E-3D19-4FAC-9CF7-2E689A4B38B2}.Debug|x86.ActiveCfg = Debug|Any CPU
		{E835165E-3D19-4FAC-9CF7-2E689A4B38B2}.Debug|x86.Build.0 = Debug|Any CPU
		{E835165E-3D19-4FAC-9CF7-2E689A4B38B2}.Release|Any CPU.ActiveCfg = Release|Any CPU
		{E835165E-3D19-4FAC-9CF7-2E689A4B38B2}.Release|Any CPU.Build.0 = Release|Any CPU
		{E835165E-3D19-4FAC-9CF7-2E689A4B38B2}.Release|ARM.ActiveCfg = Release|Any CPU
		{E835165E-3D19-4FAC-9CF7-2E689A4B38B2}.Release|ARM.Build.0 = Release|Any CPU
		{E835165E-3D19-4FAC-9CF7-2E689A4B38B2}.Release|ARM64.ActiveCfg = Release|Any CPU
		{E835165E-3D19-4FAC-9CF7-2E689A4B38B2}.Release|ARM64.Build.0 = Release|Any CPU
		{E835165E-3D19-4FAC-9CF7-2E689A4B38B2}.Release|x64.ActiveCfg = Release|Any CPU
		{E835165E-3D19-4FAC-9CF7-2E689A4B38B2}.Release|x64.Build.0 = Release|Any CPU
		{E835165E-3D19-4FAC-9CF7-2E689A4B38B2}.Release|x86.ActiveCfg = Release|Any CPU
		{E835165E-3D19-4FAC-9CF7-2E689A4B38B2}.Release|x86.Build.0 = Release|Any CPU
		{3C59B0B5-1E02-4C82-88C0-F4C610BF452B}.Debug|Any CPU.ActiveCfg = Debug|Any CPU
		{3C59B0B5-1E02-4C82-88C0-F4C610BF452B}.Debug|Any CPU.Build.0 = Debug|Any CPU
		{3C59B0B5-1E02-4C82-88C0-F4C610BF452B}.Debug|ARM.ActiveCfg = Debug|Any CPU
		{3C59B0B5-1E02-4C82-88C0-F4C610BF452B}.Debug|ARM.Build.0 = Debug|Any CPU
		{3C59B0B5-1E02-4C82-88C0-F4C610BF452B}.Debug|ARM64.ActiveCfg = Debug|Any CPU
		{3C59B0B5-1E02-4C82-88C0-F4C610BF452B}.Debug|ARM64.Build.0 = Debug|Any CPU
		{3C59B0B5-1E02-4C82-88C0-F4C610BF452B}.Debug|x64.ActiveCfg = Debug|Any CPU
		{3C59B0B5-1E02-4C82-88C0-F4C610BF452B}.Debug|x64.Build.0 = Debug|Any CPU
		{3C59B0B5-1E02-4C82-88C0-F4C610BF452B}.Debug|x86.ActiveCfg = Debug|Any CPU
		{3C59B0B5-1E02-4C82-88C0-F4C610BF452B}.Debug|x86.Build.0 = Debug|Any CPU
		{3C59B0B5-1E02-4C82-88C0-F4C610BF452B}.Release|Any CPU.ActiveCfg = Release|Any CPU
		{3C59B0B5-1E02-4C82-88C0-F4C610BF452B}.Release|Any CPU.Build.0 = Release|Any CPU
		{3C59B0B5-1E02-4C82-88C0-F4C610BF452B}.Release|ARM.ActiveCfg = Release|Any CPU
		{3C59B0B5-1E02-4C82-88C0-F4C610BF452B}.Release|ARM.Build.0 = Release|Any CPU
		{3C59B0B5-1E02-4C82-88C0-F4C610BF452B}.Release|ARM64.ActiveCfg = Release|Any CPU
		{3C59B0B5-1E02-4C82-88C0-F4C610BF452B}.Release|ARM64.Build.0 = Release|Any CPU
		{3C59B0B5-1E02-4C82-88C0-F4C610BF452B}.Release|x64.ActiveCfg = Release|Any CPU
		{3C59B0B5-1E02-4C82-88C0-F4C610BF452B}.Release|x64.Build.0 = Release|Any CPU
		{3C59B0B5-1E02-4C82-88C0-F4C610BF452B}.Release|x86.ActiveCfg = Release|Any CPU
		{3C59B0B5-1E02-4C82-88C0-F4C610BF452B}.Release|x86.Build.0 = Release|Any CPU
		{D2ED2272-18E5-4D28-AF1F-40EBB56237D6}.Debug|Any CPU.ActiveCfg = Debug|Any CPU
		{D2ED2272-18E5-4D28-AF1F-40EBB56237D6}.Debug|Any CPU.Build.0 = Debug|Any CPU
		{D2ED2272-18E5-4D28-AF1F-40EBB56237D6}.Debug|ARM.ActiveCfg = Debug|Any CPU
		{D2ED2272-18E5-4D28-AF1F-40EBB56237D6}.Debug|ARM.Build.0 = Debug|Any CPU
		{D2ED2272-18E5-4D28-AF1F-40EBB56237D6}.Debug|ARM64.ActiveCfg = Debug|Any CPU
		{D2ED2272-18E5-4D28-AF1F-40EBB56237D6}.Debug|ARM64.Build.0 = Debug|Any CPU
		{D2ED2272-18E5-4D28-AF1F-40EBB56237D6}.Debug|x64.ActiveCfg = Debug|Any CPU
		{D2ED2272-18E5-4D28-AF1F-40EBB56237D6}.Debug|x64.Build.0 = Debug|Any CPU
		{D2ED2272-18E5-4D28-AF1F-40EBB56237D6}.Debug|x86.ActiveCfg = Debug|Any CPU
		{D2ED2272-18E5-4D28-AF1F-40EBB56237D6}.Debug|x86.Build.0 = Debug|Any CPU
		{D2ED2272-18E5-4D28-AF1F-40EBB56237D6}.Release|Any CPU.ActiveCfg = Release|Any CPU
		{D2ED2272-18E5-4D28-AF1F-40EBB56237D6}.Release|Any CPU.Build.0 = Release|Any CPU
		{D2ED2272-18E5-4D28-AF1F-40EBB56237D6}.Release|ARM.ActiveCfg = Release|Any CPU
		{D2ED2272-18E5-4D28-AF1F-40EBB56237D6}.Release|ARM.Build.0 = Release|Any CPU
		{D2ED2272-18E5-4D28-AF1F-40EBB56237D6}.Release|ARM64.ActiveCfg = Release|Any CPU
		{D2ED2272-18E5-4D28-AF1F-40EBB56237D6}.Release|ARM64.Build.0 = Release|Any CPU
		{D2ED2272-18E5-4D28-AF1F-40EBB56237D6}.Release|x64.ActiveCfg = Release|Any CPU
		{D2ED2272-18E5-4D28-AF1F-40EBB56237D6}.Release|x64.Build.0 = Release|Any CPU
		{D2ED2272-18E5-4D28-AF1F-40EBB56237D6}.Release|x86.ActiveCfg = Release|Any CPU
		{D2ED2272-18E5-4D28-AF1F-40EBB56237D6}.Release|x86.Build.0 = Release|Any CPU
		{FDF2C10F-873A-4408-8420-DF3DBB25DF9A}.Debug|Any CPU.ActiveCfg = Debug|Any CPU
		{FDF2C10F-873A-4408-8420-DF3DBB25DF9A}.Debug|Any CPU.Build.0 = Debug|Any CPU
		{FDF2C10F-873A-4408-8420-DF3DBB25DF9A}.Debug|ARM.ActiveCfg = Debug|Any CPU
		{FDF2C10F-873A-4408-8420-DF3DBB25DF9A}.Debug|ARM.Build.0 = Debug|Any CPU
		{FDF2C10F-873A-4408-8420-DF3DBB25DF9A}.Debug|ARM64.ActiveCfg = Debug|Any CPU
		{FDF2C10F-873A-4408-8420-DF3DBB25DF9A}.Debug|ARM64.Build.0 = Debug|Any CPU
		{FDF2C10F-873A-4408-8420-DF3DBB25DF9A}.Debug|x64.ActiveCfg = Debug|Any CPU
		{FDF2C10F-873A-4408-8420-DF3DBB25DF9A}.Debug|x64.Build.0 = Debug|Any CPU
		{FDF2C10F-873A-4408-8420-DF3DBB25DF9A}.Debug|x86.ActiveCfg = Debug|Any CPU
		{FDF2C10F-873A-4408-8420-DF3DBB25DF9A}.Debug|x86.Build.0 = Debug|Any CPU
		{FDF2C10F-873A-4408-8420-DF3DBB25DF9A}.Release|Any CPU.ActiveCfg = Release|Any CPU
		{FDF2C10F-873A-4408-8420-DF3DBB25DF9A}.Release|Any CPU.Build.0 = Release|Any CPU
		{FDF2C10F-873A-4408-8420-DF3DBB25DF9A}.Release|ARM.ActiveCfg = Release|Any CPU
		{FDF2C10F-873A-4408-8420-DF3DBB25DF9A}.Release|ARM.Build.0 = Release|Any CPU
		{FDF2C10F-873A-4408-8420-DF3DBB25DF9A}.Release|ARM64.ActiveCfg = Release|Any CPU
		{FDF2C10F-873A-4408-8420-DF3DBB25DF9A}.Release|ARM64.Build.0 = Release|Any CPU
		{FDF2C10F-873A-4408-8420-DF3DBB25DF9A}.Release|x64.ActiveCfg = Release|Any CPU
		{FDF2C10F-873A-4408-8420-DF3DBB25DF9A}.Release|x64.Build.0 = Release|Any CPU
		{FDF2C10F-873A-4408-8420-DF3DBB25DF9A}.Release|x86.ActiveCfg = Release|Any CPU
		{FDF2C10F-873A-4408-8420-DF3DBB25DF9A}.Release|x86.Build.0 = Release|Any CPU
		{ADB90793-3702-4204-8C9D-4365FE919A3B}.Debug|Any CPU.ActiveCfg = Debug|Any CPU
		{ADB90793-3702-4204-8C9D-4365FE919A3B}.Debug|Any CPU.Build.0 = Debug|Any CPU
		{ADB90793-3702-4204-8C9D-4365FE919A3B}.Debug|ARM.ActiveCfg = Debug|Any CPU
		{ADB90793-3702-4204-8C9D-4365FE919A3B}.Debug|ARM.Build.0 = Debug|Any CPU
		{ADB90793-3702-4204-8C9D-4365FE919A3B}.Debug|ARM64.ActiveCfg = Debug|Any CPU
		{ADB90793-3702-4204-8C9D-4365FE919A3B}.Debug|ARM64.Build.0 = Debug|Any CPU
		{ADB90793-3702-4204-8C9D-4365FE919A3B}.Debug|x64.ActiveCfg = Debug|Any CPU
		{ADB90793-3702-4204-8C9D-4365FE919A3B}.Debug|x64.Build.0 = Debug|Any CPU
		{ADB90793-3702-4204-8C9D-4365FE919A3B}.Debug|x86.ActiveCfg = Debug|Any CPU
		{ADB90793-3702-4204-8C9D-4365FE919A3B}.Debug|x86.Build.0 = Debug|Any CPU
		{ADB90793-3702-4204-8C9D-4365FE919A3B}.Release|Any CPU.ActiveCfg = Release|Any CPU
		{ADB90793-3702-4204-8C9D-4365FE919A3B}.Release|Any CPU.Build.0 = Release|Any CPU
		{ADB90793-3702-4204-8C9D-4365FE919A3B}.Release|ARM.ActiveCfg = Release|Any CPU
		{ADB90793-3702-4204-8C9D-4365FE919A3B}.Release|ARM.Build.0 = Release|Any CPU
		{ADB90793-3702-4204-8C9D-4365FE919A3B}.Release|ARM64.ActiveCfg = Release|Any CPU
		{ADB90793-3702-4204-8C9D-4365FE919A3B}.Release|ARM64.Build.0 = Release|Any CPU
		{ADB90793-3702-4204-8C9D-4365FE919A3B}.Release|x64.ActiveCfg = Release|Any CPU
		{ADB90793-3702-4204-8C9D-4365FE919A3B}.Release|x64.Build.0 = Release|Any CPU
		{ADB90793-3702-4204-8C9D-4365FE919A3B}.Release|x86.ActiveCfg = Release|Any CPU
		{ADB90793-3702-4204-8C9D-4365FE919A3B}.Release|x86.Build.0 = Release|Any CPU
		{753D094F-A47C-4A6E-AB72-F6B64A01A346}.Debug|Any CPU.ActiveCfg = Debug|Any CPU
		{753D094F-A47C-4A6E-AB72-F6B64A01A346}.Debug|Any CPU.Build.0 = Debug|Any CPU
		{753D094F-A47C-4A6E-AB72-F6B64A01A346}.Debug|ARM.ActiveCfg = Debug|Any CPU
		{753D094F-A47C-4A6E-AB72-F6B64A01A346}.Debug|ARM.Build.0 = Debug|Any CPU
		{753D094F-A47C-4A6E-AB72-F6B64A01A346}.Debug|ARM64.ActiveCfg = Debug|Any CPU
		{753D094F-A47C-4A6E-AB72-F6B64A01A346}.Debug|ARM64.Build.0 = Debug|Any CPU
		{753D094F-A47C-4A6E-AB72-F6B64A01A346}.Debug|x64.ActiveCfg = Debug|Any CPU
		{753D094F-A47C-4A6E-AB72-F6B64A01A346}.Debug|x64.Build.0 = Debug|Any CPU
		{753D094F-A47C-4A6E-AB72-F6B64A01A346}.Debug|x86.ActiveCfg = Debug|Any CPU
		{753D094F-A47C-4A6E-AB72-F6B64A01A346}.Debug|x86.Build.0 = Debug|Any CPU
		{753D094F-A47C-4A6E-AB72-F6B64A01A346}.Release|Any CPU.ActiveCfg = Release|Any CPU
		{753D094F-A47C-4A6E-AB72-F6B64A01A346}.Release|Any CPU.Build.0 = Release|Any CPU
		{753D094F-A47C-4A6E-AB72-F6B64A01A346}.Release|ARM.ActiveCfg = Release|Any CPU
		{753D094F-A47C-4A6E-AB72-F6B64A01A346}.Release|ARM.Build.0 = Release|Any CPU
		{753D094F-A47C-4A6E-AB72-F6B64A01A346}.Release|ARM64.ActiveCfg = Release|Any CPU
		{753D094F-A47C-4A6E-AB72-F6B64A01A346}.Release|ARM64.Build.0 = Release|Any CPU
		{753D094F-A47C-4A6E-AB72-F6B64A01A346}.Release|x64.ActiveCfg = Release|Any CPU
		{753D094F-A47C-4A6E-AB72-F6B64A01A346}.Release|x64.Build.0 = Release|Any CPU
		{753D094F-A47C-4A6E-AB72-F6B64A01A346}.Release|x86.ActiveCfg = Release|Any CPU
		{753D094F-A47C-4A6E-AB72-F6B64A01A346}.Release|x86.Build.0 = Release|Any CPU
		{4A47A71B-96F8-489D-B52F-5D261562B74B}.Debug|Any CPU.ActiveCfg = Debug|Any CPU
		{4A47A71B-96F8-489D-B52F-5D261562B74B}.Debug|Any CPU.Build.0 = Debug|Any CPU
		{4A47A71B-96F8-489D-B52F-5D261562B74B}.Debug|ARM.ActiveCfg = Debug|Any CPU
		{4A47A71B-96F8-489D-B52F-5D261562B74B}.Debug|ARM.Build.0 = Debug|Any CPU
		{4A47A71B-96F8-489D-B52F-5D261562B74B}.Debug|ARM64.ActiveCfg = Debug|Any CPU
		{4A47A71B-96F8-489D-B52F-5D261562B74B}.Debug|ARM64.Build.0 = Debug|Any CPU
		{4A47A71B-96F8-489D-B52F-5D261562B74B}.Debug|x64.ActiveCfg = Debug|Any CPU
		{4A47A71B-96F8-489D-B52F-5D261562B74B}.Debug|x64.Build.0 = Debug|Any CPU
		{4A47A71B-96F8-489D-B52F-5D261562B74B}.Debug|x86.ActiveCfg = Debug|Any CPU
		{4A47A71B-96F8-489D-B52F-5D261562B74B}.Debug|x86.Build.0 = Debug|Any CPU
		{4A47A71B-96F8-489D-B52F-5D261562B74B}.Release|Any CPU.ActiveCfg = Release|Any CPU
		{4A47A71B-96F8-489D-B52F-5D261562B74B}.Release|Any CPU.Build.0 = Release|Any CPU
		{4A47A71B-96F8-489D-B52F-5D261562B74B}.Release|ARM.ActiveCfg = Release|Any CPU
		{4A47A71B-96F8-489D-B52F-5D261562B74B}.Release|ARM.Build.0 = Release|Any CPU
		{4A47A71B-96F8-489D-B52F-5D261562B74B}.Release|ARM64.ActiveCfg = Release|Any CPU
		{4A47A71B-96F8-489D-B52F-5D261562B74B}.Release|ARM64.Build.0 = Release|Any CPU
		{4A47A71B-96F8-489D-B52F-5D261562B74B}.Release|x64.ActiveCfg = Release|Any CPU
		{4A47A71B-96F8-489D-B52F-5D261562B74B}.Release|x64.Build.0 = Release|Any CPU
		{4A47A71B-96F8-489D-B52F-5D261562B74B}.Release|x86.ActiveCfg = Release|Any CPU
		{4A47A71B-96F8-489D-B52F-5D261562B74B}.Release|x86.Build.0 = Release|Any CPU
		{13769A57-F8F1-4C58-A2D9-2D378911F31E}.Debug|Any CPU.ActiveCfg = Debug|Any CPU
		{13769A57-F8F1-4C58-A2D9-2D378911F31E}.Debug|Any CPU.Build.0 = Debug|Any CPU
		{13769A57-F8F1-4C58-A2D9-2D378911F31E}.Debug|ARM.ActiveCfg = Debug|Any CPU
		{13769A57-F8F1-4C58-A2D9-2D378911F31E}.Debug|ARM.Build.0 = Debug|Any CPU
		{13769A57-F8F1-4C58-A2D9-2D378911F31E}.Debug|ARM64.ActiveCfg = Debug|Any CPU
		{13769A57-F8F1-4C58-A2D9-2D378911F31E}.Debug|ARM64.Build.0 = Debug|Any CPU
		{13769A57-F8F1-4C58-A2D9-2D378911F31E}.Debug|x64.ActiveCfg = Debug|Any CPU
		{13769A57-F8F1-4C58-A2D9-2D378911F31E}.Debug|x64.Build.0 = Debug|Any CPU
		{13769A57-F8F1-4C58-A2D9-2D378911F31E}.Debug|x86.ActiveCfg = Debug|Any CPU
		{13769A57-F8F1-4C58-A2D9-2D378911F31E}.Debug|x86.Build.0 = Debug|Any CPU
		{13769A57-F8F1-4C58-A2D9-2D378911F31E}.Release|Any CPU.ActiveCfg = Release|Any CPU
		{13769A57-F8F1-4C58-A2D9-2D378911F31E}.Release|Any CPU.Build.0 = Release|Any CPU
		{13769A57-F8F1-4C58-A2D9-2D378911F31E}.Release|ARM.ActiveCfg = Release|Any CPU
		{13769A57-F8F1-4C58-A2D9-2D378911F31E}.Release|ARM.Build.0 = Release|Any CPU
		{13769A57-F8F1-4C58-A2D9-2D378911F31E}.Release|ARM64.ActiveCfg = Release|Any CPU
		{13769A57-F8F1-4C58-A2D9-2D378911F31E}.Release|ARM64.Build.0 = Release|Any CPU
		{13769A57-F8F1-4C58-A2D9-2D378911F31E}.Release|x64.ActiveCfg = Release|Any CPU
		{13769A57-F8F1-4C58-A2D9-2D378911F31E}.Release|x64.Build.0 = Release|Any CPU
		{13769A57-F8F1-4C58-A2D9-2D378911F31E}.Release|x86.ActiveCfg = Release|Any CPU
		{13769A57-F8F1-4C58-A2D9-2D378911F31E}.Release|x86.Build.0 = Release|Any CPU
		{11DC34A6-875E-4522-8591-9A235112CE02}.Debug|Any CPU.ActiveCfg = Debug|Any CPU
		{11DC34A6-875E-4522-8591-9A235112CE02}.Debug|Any CPU.Build.0 = Debug|Any CPU
		{11DC34A6-875E-4522-8591-9A235112CE02}.Debug|ARM.ActiveCfg = Debug|Any CPU
		{11DC34A6-875E-4522-8591-9A235112CE02}.Debug|ARM.Build.0 = Debug|Any CPU
		{11DC34A6-875E-4522-8591-9A235112CE02}.Debug|ARM64.ActiveCfg = Debug|Any CPU
		{11DC34A6-875E-4522-8591-9A235112CE02}.Debug|ARM64.Build.0 = Debug|Any CPU
		{11DC34A6-875E-4522-8591-9A235112CE02}.Debug|x64.ActiveCfg = Debug|Any CPU
		{11DC34A6-875E-4522-8591-9A235112CE02}.Debug|x64.Build.0 = Debug|Any CPU
		{11DC34A6-875E-4522-8591-9A235112CE02}.Debug|x86.ActiveCfg = Debug|Any CPU
		{11DC34A6-875E-4522-8591-9A235112CE02}.Debug|x86.Build.0 = Debug|Any CPU
		{11DC34A6-875E-4522-8591-9A235112CE02}.Release|Any CPU.ActiveCfg = Release|Any CPU
		{11DC34A6-875E-4522-8591-9A235112CE02}.Release|Any CPU.Build.0 = Release|Any CPU
		{11DC34A6-875E-4522-8591-9A235112CE02}.Release|ARM.ActiveCfg = Release|Any CPU
		{11DC34A6-875E-4522-8591-9A235112CE02}.Release|ARM.Build.0 = Release|Any CPU
		{11DC34A6-875E-4522-8591-9A235112CE02}.Release|ARM64.ActiveCfg = Release|Any CPU
		{11DC34A6-875E-4522-8591-9A235112CE02}.Release|ARM64.Build.0 = Release|Any CPU
		{11DC34A6-875E-4522-8591-9A235112CE02}.Release|x64.ActiveCfg = Release|Any CPU
		{11DC34A6-875E-4522-8591-9A235112CE02}.Release|x64.Build.0 = Release|Any CPU
		{11DC34A6-875E-4522-8591-9A235112CE02}.Release|x86.ActiveCfg = Release|Any CPU
		{11DC34A6-875E-4522-8591-9A235112CE02}.Release|x86.Build.0 = Release|Any CPU
		{891A238D-844A-4CC8-8090-2B9AAD93341A}.Debug|Any CPU.ActiveCfg = Debug|Any CPU
		{891A238D-844A-4CC8-8090-2B9AAD93341A}.Debug|Any CPU.Build.0 = Debug|Any CPU
		{891A238D-844A-4CC8-8090-2B9AAD93341A}.Debug|ARM.ActiveCfg = Debug|Any CPU
		{891A238D-844A-4CC8-8090-2B9AAD93341A}.Debug|ARM.Build.0 = Debug|Any CPU
		{891A238D-844A-4CC8-8090-2B9AAD93341A}.Debug|ARM64.ActiveCfg = Debug|Any CPU
		{891A238D-844A-4CC8-8090-2B9AAD93341A}.Debug|ARM64.Build.0 = Debug|Any CPU
		{891A238D-844A-4CC8-8090-2B9AAD93341A}.Debug|x64.ActiveCfg = Debug|Any CPU
		{891A238D-844A-4CC8-8090-2B9AAD93341A}.Debug|x64.Build.0 = Debug|Any CPU
		{891A238D-844A-4CC8-8090-2B9AAD93341A}.Debug|x86.ActiveCfg = Debug|Any CPU
		{891A238D-844A-4CC8-8090-2B9AAD93341A}.Debug|x86.Build.0 = Debug|Any CPU
		{891A238D-844A-4CC8-8090-2B9AAD93341A}.Release|Any CPU.ActiveCfg = Release|Any CPU
		{891A238D-844A-4CC8-8090-2B9AAD93341A}.Release|Any CPU.Build.0 = Release|Any CPU
		{891A238D-844A-4CC8-8090-2B9AAD93341A}.Release|ARM.ActiveCfg = Release|Any CPU
		{891A238D-844A-4CC8-8090-2B9AAD93341A}.Release|ARM.Build.0 = Release|Any CPU
		{891A238D-844A-4CC8-8090-2B9AAD93341A}.Release|ARM64.ActiveCfg = Release|Any CPU
		{891A238D-844A-4CC8-8090-2B9AAD93341A}.Release|ARM64.Build.0 = Release|Any CPU
		{891A238D-844A-4CC8-8090-2B9AAD93341A}.Release|x64.ActiveCfg = Release|Any CPU
		{891A238D-844A-4CC8-8090-2B9AAD93341A}.Release|x64.Build.0 = Release|Any CPU
		{891A238D-844A-4CC8-8090-2B9AAD93341A}.Release|x86.ActiveCfg = Release|Any CPU
		{891A238D-844A-4CC8-8090-2B9AAD93341A}.Release|x86.Build.0 = Release|Any CPU
		{EC6F1797-E855-4EB1-957C-01AA5AE9A981}.Debug|Any CPU.ActiveCfg = Debug|Any CPU
		{EC6F1797-E855-4EB1-957C-01AA5AE9A981}.Debug|Any CPU.Build.0 = Debug|Any CPU
		{EC6F1797-E855-4EB1-957C-01AA5AE9A981}.Debug|ARM.ActiveCfg = Debug|Any CPU
		{EC6F1797-E855-4EB1-957C-01AA5AE9A981}.Debug|ARM.Build.0 = Debug|Any CPU
		{EC6F1797-E855-4EB1-957C-01AA5AE9A981}.Debug|ARM64.ActiveCfg = Debug|Any CPU
		{EC6F1797-E855-4EB1-957C-01AA5AE9A981}.Debug|ARM64.Build.0 = Debug|Any CPU
		{EC6F1797-E855-4EB1-957C-01AA5AE9A981}.Debug|x64.ActiveCfg = Debug|Any CPU
		{EC6F1797-E855-4EB1-957C-01AA5AE9A981}.Debug|x64.Build.0 = Debug|Any CPU
		{EC6F1797-E855-4EB1-957C-01AA5AE9A981}.Debug|x86.ActiveCfg = Debug|Any CPU
		{EC6F1797-E855-4EB1-957C-01AA5AE9A981}.Debug|x86.Build.0 = Debug|Any CPU
		{EC6F1797-E855-4EB1-957C-01AA5AE9A981}.Release|Any CPU.ActiveCfg = Release|Any CPU
		{EC6F1797-E855-4EB1-957C-01AA5AE9A981}.Release|Any CPU.Build.0 = Release|Any CPU
		{EC6F1797-E855-4EB1-957C-01AA5AE9A981}.Release|ARM.ActiveCfg = Release|Any CPU
		{EC6F1797-E855-4EB1-957C-01AA5AE9A981}.Release|ARM.Build.0 = Release|Any CPU
		{EC6F1797-E855-4EB1-957C-01AA5AE9A981}.Release|ARM64.ActiveCfg = Release|Any CPU
		{EC6F1797-E855-4EB1-957C-01AA5AE9A981}.Release|ARM64.Build.0 = Release|Any CPU
		{EC6F1797-E855-4EB1-957C-01AA5AE9A981}.Release|x64.ActiveCfg = Release|Any CPU
		{EC6F1797-E855-4EB1-957C-01AA5AE9A981}.Release|x64.Build.0 = Release|Any CPU
		{EC6F1797-E855-4EB1-957C-01AA5AE9A981}.Release|x86.ActiveCfg = Release|Any CPU
		{EC6F1797-E855-4EB1-957C-01AA5AE9A981}.Release|x86.Build.0 = Release|Any CPU
		{06A6AA10-08A3-474D-BD40-5E1CD08337EC}.Debug|Any CPU.ActiveCfg = Debug|Any CPU
		{06A6AA10-08A3-474D-BD40-5E1CD08337EC}.Debug|Any CPU.Build.0 = Debug|Any CPU
		{06A6AA10-08A3-474D-BD40-5E1CD08337EC}.Debug|ARM.ActiveCfg = Debug|Any CPU
		{06A6AA10-08A3-474D-BD40-5E1CD08337EC}.Debug|ARM.Build.0 = Debug|Any CPU
		{06A6AA10-08A3-474D-BD40-5E1CD08337EC}.Debug|ARM64.ActiveCfg = Debug|Any CPU
		{06A6AA10-08A3-474D-BD40-5E1CD08337EC}.Debug|ARM64.Build.0 = Debug|Any CPU
		{06A6AA10-08A3-474D-BD40-5E1CD08337EC}.Debug|x64.ActiveCfg = Debug|Any CPU
		{06A6AA10-08A3-474D-BD40-5E1CD08337EC}.Debug|x64.Build.0 = Debug|Any CPU
		{06A6AA10-08A3-474D-BD40-5E1CD08337EC}.Debug|x86.ActiveCfg = Debug|Any CPU
		{06A6AA10-08A3-474D-BD40-5E1CD08337EC}.Debug|x86.Build.0 = Debug|Any CPU
		{06A6AA10-08A3-474D-BD40-5E1CD08337EC}.Release|Any CPU.ActiveCfg = Release|Any CPU
		{06A6AA10-08A3-474D-BD40-5E1CD08337EC}.Release|Any CPU.Build.0 = Release|Any CPU
		{06A6AA10-08A3-474D-BD40-5E1CD08337EC}.Release|ARM.ActiveCfg = Release|Any CPU
		{06A6AA10-08A3-474D-BD40-5E1CD08337EC}.Release|ARM.Build.0 = Release|Any CPU
		{06A6AA10-08A3-474D-BD40-5E1CD08337EC}.Release|ARM64.ActiveCfg = Release|Any CPU
		{06A6AA10-08A3-474D-BD40-5E1CD08337EC}.Release|ARM64.Build.0 = Release|Any CPU
		{06A6AA10-08A3-474D-BD40-5E1CD08337EC}.Release|x64.ActiveCfg = Release|Any CPU
		{06A6AA10-08A3-474D-BD40-5E1CD08337EC}.Release|x64.Build.0 = Release|Any CPU
		{06A6AA10-08A3-474D-BD40-5E1CD08337EC}.Release|x86.ActiveCfg = Release|Any CPU
		{06A6AA10-08A3-474D-BD40-5E1CD08337EC}.Release|x86.Build.0 = Release|Any CPU
		{618D2288-5018-4868-A999-66F636DCE2E7}.Debug|Any CPU.ActiveCfg = Debug|Any CPU
		{618D2288-5018-4868-A999-66F636DCE2E7}.Debug|Any CPU.Build.0 = Debug|Any CPU
		{618D2288-5018-4868-A999-66F636DCE2E7}.Debug|ARM.ActiveCfg = Debug|Any CPU
		{618D2288-5018-4868-A999-66F636DCE2E7}.Debug|ARM.Build.0 = Debug|Any CPU
		{618D2288-5018-4868-A999-66F636DCE2E7}.Debug|ARM64.ActiveCfg = Debug|Any CPU
		{618D2288-5018-4868-A999-66F636DCE2E7}.Debug|ARM64.Build.0 = Debug|Any CPU
		{618D2288-5018-4868-A999-66F636DCE2E7}.Debug|x64.ActiveCfg = Debug|Any CPU
		{618D2288-5018-4868-A999-66F636DCE2E7}.Debug|x64.Build.0 = Debug|Any CPU
		{618D2288-5018-4868-A999-66F636DCE2E7}.Debug|x86.ActiveCfg = Debug|Any CPU
		{618D2288-5018-4868-A999-66F636DCE2E7}.Debug|x86.Build.0 = Debug|Any CPU
		{618D2288-5018-4868-A999-66F636DCE2E7}.Release|Any CPU.ActiveCfg = Release|Any CPU
		{618D2288-5018-4868-A999-66F636DCE2E7}.Release|Any CPU.Build.0 = Release|Any CPU
		{618D2288-5018-4868-A999-66F636DCE2E7}.Release|ARM.ActiveCfg = Release|Any CPU
		{618D2288-5018-4868-A999-66F636DCE2E7}.Release|ARM.Build.0 = Release|Any CPU
		{618D2288-5018-4868-A999-66F636DCE2E7}.Release|ARM64.ActiveCfg = Release|Any CPU
		{618D2288-5018-4868-A999-66F636DCE2E7}.Release|ARM64.Build.0 = Release|Any CPU
		{618D2288-5018-4868-A999-66F636DCE2E7}.Release|x64.ActiveCfg = Release|Any CPU
		{618D2288-5018-4868-A999-66F636DCE2E7}.Release|x64.Build.0 = Release|Any CPU
		{618D2288-5018-4868-A999-66F636DCE2E7}.Release|x86.ActiveCfg = Release|Any CPU
		{618D2288-5018-4868-A999-66F636DCE2E7}.Release|x86.Build.0 = Release|Any CPU
		{46166DE5-6954-4812-A4ED-59D106EE7E02}.Debug|Any CPU.ActiveCfg = Debug|Any CPU
		{46166DE5-6954-4812-A4ED-59D106EE7E02}.Debug|Any CPU.Build.0 = Debug|Any CPU
		{46166DE5-6954-4812-A4ED-59D106EE7E02}.Debug|ARM.ActiveCfg = Debug|Any CPU
		{46166DE5-6954-4812-A4ED-59D106EE7E02}.Debug|ARM.Build.0 = Debug|Any CPU
		{46166DE5-6954-4812-A4ED-59D106EE7E02}.Debug|ARM64.ActiveCfg = Debug|Any CPU
		{46166DE5-6954-4812-A4ED-59D106EE7E02}.Debug|ARM64.Build.0 = Debug|Any CPU
		{46166DE5-6954-4812-A4ED-59D106EE7E02}.Debug|x64.ActiveCfg = Debug|Any CPU
		{46166DE5-6954-4812-A4ED-59D106EE7E02}.Debug|x64.Build.0 = Debug|Any CPU
		{46166DE5-6954-4812-A4ED-59D106EE7E02}.Debug|x86.ActiveCfg = Debug|Any CPU
		{46166DE5-6954-4812-A4ED-59D106EE7E02}.Debug|x86.Build.0 = Debug|Any CPU
		{46166DE5-6954-4812-A4ED-59D106EE7E02}.Release|Any CPU.ActiveCfg = Release|Any CPU
		{46166DE5-6954-4812-A4ED-59D106EE7E02}.Release|Any CPU.Build.0 = Release|Any CPU
		{46166DE5-6954-4812-A4ED-59D106EE7E02}.Release|ARM.ActiveCfg = Release|Any CPU
		{46166DE5-6954-4812-A4ED-59D106EE7E02}.Release|ARM.Build.0 = Release|Any CPU
		{46166DE5-6954-4812-A4ED-59D106EE7E02}.Release|ARM64.ActiveCfg = Release|Any CPU
		{46166DE5-6954-4812-A4ED-59D106EE7E02}.Release|ARM64.Build.0 = Release|Any CPU
		{46166DE5-6954-4812-A4ED-59D106EE7E02}.Release|x64.ActiveCfg = Release|Any CPU
		{46166DE5-6954-4812-A4ED-59D106EE7E02}.Release|x64.Build.0 = Release|Any CPU
		{46166DE5-6954-4812-A4ED-59D106EE7E02}.Release|x86.ActiveCfg = Release|Any CPU
		{46166DE5-6954-4812-A4ED-59D106EE7E02}.Release|x86.Build.0 = Release|Any CPU
		{80A12E29-5CCE-46BF-B6DC-33815370C4E4}.Debug|Any CPU.ActiveCfg = Debug|Any CPU
		{80A12E29-5CCE-46BF-B6DC-33815370C4E4}.Debug|Any CPU.Build.0 = Debug|Any CPU
		{80A12E29-5CCE-46BF-B6DC-33815370C4E4}.Debug|ARM.ActiveCfg = Debug|Any CPU
		{80A12E29-5CCE-46BF-B6DC-33815370C4E4}.Debug|ARM.Build.0 = Debug|Any CPU
		{80A12E29-5CCE-46BF-B6DC-33815370C4E4}.Debug|ARM64.ActiveCfg = Debug|Any CPU
		{80A12E29-5CCE-46BF-B6DC-33815370C4E4}.Debug|ARM64.Build.0 = Debug|Any CPU
		{80A12E29-5CCE-46BF-B6DC-33815370C4E4}.Debug|x64.ActiveCfg = Debug|Any CPU
		{80A12E29-5CCE-46BF-B6DC-33815370C4E4}.Debug|x64.Build.0 = Debug|Any CPU
		{80A12E29-5CCE-46BF-B6DC-33815370C4E4}.Debug|x86.ActiveCfg = Debug|Any CPU
		{80A12E29-5CCE-46BF-B6DC-33815370C4E4}.Debug|x86.Build.0 = Debug|Any CPU
		{80A12E29-5CCE-46BF-B6DC-33815370C4E4}.Release|Any CPU.ActiveCfg = Release|Any CPU
		{80A12E29-5CCE-46BF-B6DC-33815370C4E4}.Release|Any CPU.Build.0 = Release|Any CPU
		{80A12E29-5CCE-46BF-B6DC-33815370C4E4}.Release|ARM.ActiveCfg = Release|Any CPU
		{80A12E29-5CCE-46BF-B6DC-33815370C4E4}.Release|ARM.Build.0 = Release|Any CPU
		{80A12E29-5CCE-46BF-B6DC-33815370C4E4}.Release|ARM64.ActiveCfg = Release|Any CPU
		{80A12E29-5CCE-46BF-B6DC-33815370C4E4}.Release|ARM64.Build.0 = Release|Any CPU
		{80A12E29-5CCE-46BF-B6DC-33815370C4E4}.Release|x64.ActiveCfg = Release|Any CPU
		{80A12E29-5CCE-46BF-B6DC-33815370C4E4}.Release|x64.Build.0 = Release|Any CPU
		{80A12E29-5CCE-46BF-B6DC-33815370C4E4}.Release|x86.ActiveCfg = Release|Any CPU
		{80A12E29-5CCE-46BF-B6DC-33815370C4E4}.Release|x86.Build.0 = Release|Any CPU
		{F7B94567-7ADD-409F-99B2-76C5D3679F34}.Debug|Any CPU.ActiveCfg = Debug|Any CPU
		{F7B94567-7ADD-409F-99B2-76C5D3679F34}.Debug|Any CPU.Build.0 = Debug|Any CPU
		{F7B94567-7ADD-409F-99B2-76C5D3679F34}.Debug|ARM.ActiveCfg = Debug|Any CPU
		{F7B94567-7ADD-409F-99B2-76C5D3679F34}.Debug|ARM.Build.0 = Debug|Any CPU
		{F7B94567-7ADD-409F-99B2-76C5D3679F34}.Debug|ARM64.ActiveCfg = Debug|Any CPU
		{F7B94567-7ADD-409F-99B2-76C5D3679F34}.Debug|ARM64.Build.0 = Debug|Any CPU
		{F7B94567-7ADD-409F-99B2-76C5D3679F34}.Debug|x64.ActiveCfg = Debug|Any CPU
		{F7B94567-7ADD-409F-99B2-76C5D3679F34}.Debug|x64.Build.0 = Debug|Any CPU
		{F7B94567-7ADD-409F-99B2-76C5D3679F34}.Debug|x86.ActiveCfg = Debug|Any CPU
		{F7B94567-7ADD-409F-99B2-76C5D3679F34}.Debug|x86.Build.0 = Debug|Any CPU
		{F7B94567-7ADD-409F-99B2-76C5D3679F34}.Release|Any CPU.ActiveCfg = Release|Any CPU
		{F7B94567-7ADD-409F-99B2-76C5D3679F34}.Release|Any CPU.Build.0 = Release|Any CPU
		{F7B94567-7ADD-409F-99B2-76C5D3679F34}.Release|ARM.ActiveCfg = Release|Any CPU
		{F7B94567-7ADD-409F-99B2-76C5D3679F34}.Release|ARM.Build.0 = Release|Any CPU
		{F7B94567-7ADD-409F-99B2-76C5D3679F34}.Release|ARM64.ActiveCfg = Release|Any CPU
		{F7B94567-7ADD-409F-99B2-76C5D3679F34}.Release|ARM64.Build.0 = Release|Any CPU
		{F7B94567-7ADD-409F-99B2-76C5D3679F34}.Release|x64.ActiveCfg = Release|Any CPU
		{F7B94567-7ADD-409F-99B2-76C5D3679F34}.Release|x64.Build.0 = Release|Any CPU
		{F7B94567-7ADD-409F-99B2-76C5D3679F34}.Release|x86.ActiveCfg = Release|Any CPU
		{F7B94567-7ADD-409F-99B2-76C5D3679F34}.Release|x86.Build.0 = Release|Any CPU
		{5CC53CC7-FE32-469A-BED3-44AFFA016EE0}.Debug|Any CPU.ActiveCfg = Debug|Any CPU
		{5CC53CC7-FE32-469A-BED3-44AFFA016EE0}.Debug|Any CPU.Build.0 = Debug|Any CPU
		{5CC53CC7-FE32-469A-BED3-44AFFA016EE0}.Debug|ARM.ActiveCfg = Debug|Any CPU
		{5CC53CC7-FE32-469A-BED3-44AFFA016EE0}.Debug|ARM.Build.0 = Debug|Any CPU
		{5CC53CC7-FE32-469A-BED3-44AFFA016EE0}.Debug|ARM64.ActiveCfg = Debug|Any CPU
		{5CC53CC7-FE32-469A-BED3-44AFFA016EE0}.Debug|ARM64.Build.0 = Debug|Any CPU
		{5CC53CC7-FE32-469A-BED3-44AFFA016EE0}.Debug|x64.ActiveCfg = Debug|Any CPU
		{5CC53CC7-FE32-469A-BED3-44AFFA016EE0}.Debug|x64.Build.0 = Debug|Any CPU
		{5CC53CC7-FE32-469A-BED3-44AFFA016EE0}.Debug|x86.ActiveCfg = Debug|Any CPU
		{5CC53CC7-FE32-469A-BED3-44AFFA016EE0}.Debug|x86.Build.0 = Debug|Any CPU
		{5CC53CC7-FE32-469A-BED3-44AFFA016EE0}.Release|Any CPU.ActiveCfg = Release|Any CPU
		{5CC53CC7-FE32-469A-BED3-44AFFA016EE0}.Release|Any CPU.Build.0 = Release|Any CPU
		{5CC53CC7-FE32-469A-BED3-44AFFA016EE0}.Release|ARM.ActiveCfg = Release|Any CPU
		{5CC53CC7-FE32-469A-BED3-44AFFA016EE0}.Release|ARM.Build.0 = Release|Any CPU
		{5CC53CC7-FE32-469A-BED3-44AFFA016EE0}.Release|ARM64.ActiveCfg = Release|Any CPU
		{5CC53CC7-FE32-469A-BED3-44AFFA016EE0}.Release|ARM64.Build.0 = Release|Any CPU
		{5CC53CC7-FE32-469A-BED3-44AFFA016EE0}.Release|x64.ActiveCfg = Release|Any CPU
		{5CC53CC7-FE32-469A-BED3-44AFFA016EE0}.Release|x64.Build.0 = Release|Any CPU
		{5CC53CC7-FE32-469A-BED3-44AFFA016EE0}.Release|x86.ActiveCfg = Release|Any CPU
		{5CC53CC7-FE32-469A-BED3-44AFFA016EE0}.Release|x86.Build.0 = Release|Any CPU
		{126D60D8-71BF-4B7D-BAB5-2425C5337BCE}.Debug|Any CPU.ActiveCfg = Debug|Any CPU
		{126D60D8-71BF-4B7D-BAB5-2425C5337BCE}.Debug|Any CPU.Build.0 = Debug|Any CPU
		{126D60D8-71BF-4B7D-BAB5-2425C5337BCE}.Debug|ARM.ActiveCfg = Debug|Any CPU
		{126D60D8-71BF-4B7D-BAB5-2425C5337BCE}.Debug|ARM.Build.0 = Debug|Any CPU
		{126D60D8-71BF-4B7D-BAB5-2425C5337BCE}.Debug|ARM64.ActiveCfg = Debug|Any CPU
		{126D60D8-71BF-4B7D-BAB5-2425C5337BCE}.Debug|ARM64.Build.0 = Debug|Any CPU
		{126D60D8-71BF-4B7D-BAB5-2425C5337BCE}.Debug|x64.ActiveCfg = Debug|Any CPU
		{126D60D8-71BF-4B7D-BAB5-2425C5337BCE}.Debug|x64.Build.0 = Debug|Any CPU
		{126D60D8-71BF-4B7D-BAB5-2425C5337BCE}.Debug|x86.ActiveCfg = Debug|Any CPU
		{126D60D8-71BF-4B7D-BAB5-2425C5337BCE}.Debug|x86.Build.0 = Debug|Any CPU
		{126D60D8-71BF-4B7D-BAB5-2425C5337BCE}.Release|Any CPU.ActiveCfg = Release|Any CPU
		{126D60D8-71BF-4B7D-BAB5-2425C5337BCE}.Release|Any CPU.Build.0 = Release|Any CPU
		{126D60D8-71BF-4B7D-BAB5-2425C5337BCE}.Release|ARM.ActiveCfg = Release|Any CPU
		{126D60D8-71BF-4B7D-BAB5-2425C5337BCE}.Release|ARM.Build.0 = Release|Any CPU
		{126D60D8-71BF-4B7D-BAB5-2425C5337BCE}.Release|ARM64.ActiveCfg = Release|Any CPU
		{126D60D8-71BF-4B7D-BAB5-2425C5337BCE}.Release|ARM64.Build.0 = Release|Any CPU
		{126D60D8-71BF-4B7D-BAB5-2425C5337BCE}.Release|x64.ActiveCfg = Release|Any CPU
		{126D60D8-71BF-4B7D-BAB5-2425C5337BCE}.Release|x64.Build.0 = Release|Any CPU
		{126D60D8-71BF-4B7D-BAB5-2425C5337BCE}.Release|x86.ActiveCfg = Release|Any CPU
		{126D60D8-71BF-4B7D-BAB5-2425C5337BCE}.Release|x86.Build.0 = Release|Any CPU
		{FA03D160-DFF7-4BC4-B08C-DBE0771472D7}.Debug|Any CPU.ActiveCfg = Debug|Any CPU
		{FA03D160-DFF7-4BC4-B08C-DBE0771472D7}.Debug|Any CPU.Build.0 = Debug|Any CPU
		{FA03D160-DFF7-4BC4-B08C-DBE0771472D7}.Debug|ARM.ActiveCfg = Debug|Any CPU
		{FA03D160-DFF7-4BC4-B08C-DBE0771472D7}.Debug|ARM.Build.0 = Debug|Any CPU
		{FA03D160-DFF7-4BC4-B08C-DBE0771472D7}.Debug|ARM64.ActiveCfg = Debug|Any CPU
		{FA03D160-DFF7-4BC4-B08C-DBE0771472D7}.Debug|ARM64.Build.0 = Debug|Any CPU
		{FA03D160-DFF7-4BC4-B08C-DBE0771472D7}.Debug|x64.ActiveCfg = Debug|Any CPU
		{FA03D160-DFF7-4BC4-B08C-DBE0771472D7}.Debug|x64.Build.0 = Debug|Any CPU
		{FA03D160-DFF7-4BC4-B08C-DBE0771472D7}.Debug|x86.ActiveCfg = Debug|Any CPU
		{FA03D160-DFF7-4BC4-B08C-DBE0771472D7}.Debug|x86.Build.0 = Debug|Any CPU
		{FA03D160-DFF7-4BC4-B08C-DBE0771472D7}.Release|Any CPU.ActiveCfg = Release|Any CPU
		{FA03D160-DFF7-4BC4-B08C-DBE0771472D7}.Release|Any CPU.Build.0 = Release|Any CPU
		{FA03D160-DFF7-4BC4-B08C-DBE0771472D7}.Release|ARM.ActiveCfg = Release|Any CPU
		{FA03D160-DFF7-4BC4-B08C-DBE0771472D7}.Release|ARM.Build.0 = Release|Any CPU
		{FA03D160-DFF7-4BC4-B08C-DBE0771472D7}.Release|ARM64.ActiveCfg = Release|Any CPU
		{FA03D160-DFF7-4BC4-B08C-DBE0771472D7}.Release|ARM64.Build.0 = Release|Any CPU
		{FA03D160-DFF7-4BC4-B08C-DBE0771472D7}.Release|x64.ActiveCfg = Release|Any CPU
		{FA03D160-DFF7-4BC4-B08C-DBE0771472D7}.Release|x64.Build.0 = Release|Any CPU
		{FA03D160-DFF7-4BC4-B08C-DBE0771472D7}.Release|x86.ActiveCfg = Release|Any CPU
		{FA03D160-DFF7-4BC4-B08C-DBE0771472D7}.Release|x86.Build.0 = Release|Any CPU
		{D83E99D8-68D0-4FA8-83EB-B47C16FADCD2}.Debug|Any CPU.ActiveCfg = Debug|Any CPU
		{D83E99D8-68D0-4FA8-83EB-B47C16FADCD2}.Debug|Any CPU.Build.0 = Debug|Any CPU
		{D83E99D8-68D0-4FA8-83EB-B47C16FADCD2}.Debug|ARM.ActiveCfg = Debug|Any CPU
		{D83E99D8-68D0-4FA8-83EB-B47C16FADCD2}.Debug|ARM.Build.0 = Debug|Any CPU
		{D83E99D8-68D0-4FA8-83EB-B47C16FADCD2}.Debug|ARM64.ActiveCfg = Debug|Any CPU
		{D83E99D8-68D0-4FA8-83EB-B47C16FADCD2}.Debug|ARM64.Build.0 = Debug|Any CPU
		{D83E99D8-68D0-4FA8-83EB-B47C16FADCD2}.Debug|x64.ActiveCfg = Debug|Any CPU
		{D83E99D8-68D0-4FA8-83EB-B47C16FADCD2}.Debug|x64.Build.0 = Debug|Any CPU
		{D83E99D8-68D0-4FA8-83EB-B47C16FADCD2}.Debug|x86.ActiveCfg = Debug|Any CPU
		{D83E99D8-68D0-4FA8-83EB-B47C16FADCD2}.Debug|x86.Build.0 = Debug|Any CPU
		{D83E99D8-68D0-4FA8-83EB-B47C16FADCD2}.Release|Any CPU.ActiveCfg = Release|Any CPU
		{D83E99D8-68D0-4FA8-83EB-B47C16FADCD2}.Release|Any CPU.Build.0 = Release|Any CPU
		{D83E99D8-68D0-4FA8-83EB-B47C16FADCD2}.Release|ARM.ActiveCfg = Release|Any CPU
		{D83E99D8-68D0-4FA8-83EB-B47C16FADCD2}.Release|ARM.Build.0 = Release|Any CPU
		{D83E99D8-68D0-4FA8-83EB-B47C16FADCD2}.Release|ARM64.ActiveCfg = Release|Any CPU
		{D83E99D8-68D0-4FA8-83EB-B47C16FADCD2}.Release|ARM64.Build.0 = Release|Any CPU
		{D83E99D8-68D0-4FA8-83EB-B47C16FADCD2}.Release|x64.ActiveCfg = Release|Any CPU
		{D83E99D8-68D0-4FA8-83EB-B47C16FADCD2}.Release|x64.Build.0 = Release|Any CPU
		{D83E99D8-68D0-4FA8-83EB-B47C16FADCD2}.Release|x86.ActiveCfg = Release|Any CPU
		{D83E99D8-68D0-4FA8-83EB-B47C16FADCD2}.Release|x86.Build.0 = Release|Any CPU
		{7C82C90E-958D-4322-8F12-203F40D0CC88}.Debug|Any CPU.ActiveCfg = Debug|Any CPU
		{7C82C90E-958D-4322-8F12-203F40D0CC88}.Debug|Any CPU.Build.0 = Debug|Any CPU
		{7C82C90E-958D-4322-8F12-203F40D0CC88}.Debug|ARM.ActiveCfg = Debug|Any CPU
		{7C82C90E-958D-4322-8F12-203F40D0CC88}.Debug|ARM.Build.0 = Debug|Any CPU
		{7C82C90E-958D-4322-8F12-203F40D0CC88}.Debug|ARM64.ActiveCfg = Debug|Any CPU
		{7C82C90E-958D-4322-8F12-203F40D0CC88}.Debug|ARM64.Build.0 = Debug|Any CPU
		{7C82C90E-958D-4322-8F12-203F40D0CC88}.Debug|x64.ActiveCfg = Debug|Any CPU
		{7C82C90E-958D-4322-8F12-203F40D0CC88}.Debug|x64.Build.0 = Debug|Any CPU
		{7C82C90E-958D-4322-8F12-203F40D0CC88}.Debug|x86.ActiveCfg = Debug|Any CPU
		{7C82C90E-958D-4322-8F12-203F40D0CC88}.Debug|x86.Build.0 = Debug|Any CPU
		{7C82C90E-958D-4322-8F12-203F40D0CC88}.Release|Any CPU.ActiveCfg = Release|Any CPU
		{7C82C90E-958D-4322-8F12-203F40D0CC88}.Release|Any CPU.Build.0 = Release|Any CPU
		{7C82C90E-958D-4322-8F12-203F40D0CC88}.Release|ARM.ActiveCfg = Release|Any CPU
		{7C82C90E-958D-4322-8F12-203F40D0CC88}.Release|ARM.Build.0 = Release|Any CPU
		{7C82C90E-958D-4322-8F12-203F40D0CC88}.Release|ARM64.ActiveCfg = Release|Any CPU
		{7C82C90E-958D-4322-8F12-203F40D0CC88}.Release|ARM64.Build.0 = Release|Any CPU
		{7C82C90E-958D-4322-8F12-203F40D0CC88}.Release|x64.ActiveCfg = Release|Any CPU
		{7C82C90E-958D-4322-8F12-203F40D0CC88}.Release|x64.Build.0 = Release|Any CPU
		{7C82C90E-958D-4322-8F12-203F40D0CC88}.Release|x86.ActiveCfg = Release|Any CPU
		{7C82C90E-958D-4322-8F12-203F40D0CC88}.Release|x86.Build.0 = Release|Any CPU
		{9B56C135-B958-47B4-9268-E366697A7911}.Debug|Any CPU.ActiveCfg = Debug|Any CPU
		{9B56C135-B958-47B4-9268-E366697A7911}.Debug|Any CPU.Build.0 = Debug|Any CPU
		{9B56C135-B958-47B4-9268-E366697A7911}.Debug|ARM.ActiveCfg = Debug|Any CPU
		{9B56C135-B958-47B4-9268-E366697A7911}.Debug|ARM.Build.0 = Debug|Any CPU
		{9B56C135-B958-47B4-9268-E366697A7911}.Debug|ARM64.ActiveCfg = Debug|Any CPU
		{9B56C135-B958-47B4-9268-E366697A7911}.Debug|ARM64.Build.0 = Debug|Any CPU
		{9B56C135-B958-47B4-9268-E366697A7911}.Debug|x64.ActiveCfg = Debug|Any CPU
		{9B56C135-B958-47B4-9268-E366697A7911}.Debug|x64.Build.0 = Debug|Any CPU
		{9B56C135-B958-47B4-9268-E366697A7911}.Debug|x86.ActiveCfg = Debug|Any CPU
		{9B56C135-B958-47B4-9268-E366697A7911}.Debug|x86.Build.0 = Debug|Any CPU
		{9B56C135-B958-47B4-9268-E366697A7911}.Release|Any CPU.ActiveCfg = Release|Any CPU
		{9B56C135-B958-47B4-9268-E366697A7911}.Release|Any CPU.Build.0 = Release|Any CPU
		{9B56C135-B958-47B4-9268-E366697A7911}.Release|ARM.ActiveCfg = Release|Any CPU
		{9B56C135-B958-47B4-9268-E366697A7911}.Release|ARM.Build.0 = Release|Any CPU
		{9B56C135-B958-47B4-9268-E366697A7911}.Release|ARM64.ActiveCfg = Release|Any CPU
		{9B56C135-B958-47B4-9268-E366697A7911}.Release|ARM64.Build.0 = Release|Any CPU
		{9B56C135-B958-47B4-9268-E366697A7911}.Release|x64.ActiveCfg = Release|Any CPU
		{9B56C135-B958-47B4-9268-E366697A7911}.Release|x64.Build.0 = Release|Any CPU
		{9B56C135-B958-47B4-9268-E366697A7911}.Release|x86.ActiveCfg = Release|Any CPU
		{9B56C135-B958-47B4-9268-E366697A7911}.Release|x86.Build.0 = Release|Any CPU
		{B476A690-CC60-4490-9DEB-B2AB45BAC04E}.Debug|Any CPU.ActiveCfg = Debug|Any CPU
		{B476A690-CC60-4490-9DEB-B2AB45BAC04E}.Debug|Any CPU.Build.0 = Debug|Any CPU
		{B476A690-CC60-4490-9DEB-B2AB45BAC04E}.Debug|ARM.ActiveCfg = Debug|Any CPU
		{B476A690-CC60-4490-9DEB-B2AB45BAC04E}.Debug|ARM.Build.0 = Debug|Any CPU
		{B476A690-CC60-4490-9DEB-B2AB45BAC04E}.Debug|ARM64.ActiveCfg = Debug|Any CPU
		{B476A690-CC60-4490-9DEB-B2AB45BAC04E}.Debug|ARM64.Build.0 = Debug|Any CPU
		{B476A690-CC60-4490-9DEB-B2AB45BAC04E}.Debug|x64.ActiveCfg = Debug|Any CPU
		{B476A690-CC60-4490-9DEB-B2AB45BAC04E}.Debug|x64.Build.0 = Debug|Any CPU
		{B476A690-CC60-4490-9DEB-B2AB45BAC04E}.Debug|x86.ActiveCfg = Debug|Any CPU
		{B476A690-CC60-4490-9DEB-B2AB45BAC04E}.Debug|x86.Build.0 = Debug|Any CPU
		{B476A690-CC60-4490-9DEB-B2AB45BAC04E}.Release|Any CPU.ActiveCfg = Release|Any CPU
		{B476A690-CC60-4490-9DEB-B2AB45BAC04E}.Release|Any CPU.Build.0 = Release|Any CPU
		{B476A690-CC60-4490-9DEB-B2AB45BAC04E}.Release|ARM.ActiveCfg = Release|Any CPU
		{B476A690-CC60-4490-9DEB-B2AB45BAC04E}.Release|ARM.Build.0 = Release|Any CPU
		{B476A690-CC60-4490-9DEB-B2AB45BAC04E}.Release|ARM64.ActiveCfg = Release|Any CPU
		{B476A690-CC60-4490-9DEB-B2AB45BAC04E}.Release|ARM64.Build.0 = Release|Any CPU
		{B476A690-CC60-4490-9DEB-B2AB45BAC04E}.Release|x64.ActiveCfg = Release|Any CPU
		{B476A690-CC60-4490-9DEB-B2AB45BAC04E}.Release|x64.Build.0 = Release|Any CPU
		{B476A690-CC60-4490-9DEB-B2AB45BAC04E}.Release|x86.ActiveCfg = Release|Any CPU
		{B476A690-CC60-4490-9DEB-B2AB45BAC04E}.Release|x86.Build.0 = Release|Any CPU
		{111EE50D-5E65-4EE4-8189-4178810502B1}.Debug|Any CPU.ActiveCfg = Debug|x86
		{111EE50D-5E65-4EE4-8189-4178810502B1}.Debug|Any CPU.Build.0 = Debug|x86
		{111EE50D-5E65-4EE4-8189-4178810502B1}.Debug|Any CPU.Deploy.0 = Debug|x86
		{111EE50D-5E65-4EE4-8189-4178810502B1}.Debug|ARM.ActiveCfg = Debug|ARM
		{111EE50D-5E65-4EE4-8189-4178810502B1}.Debug|ARM.Build.0 = Debug|ARM
		{111EE50D-5E65-4EE4-8189-4178810502B1}.Debug|ARM.Deploy.0 = Debug|ARM
		{111EE50D-5E65-4EE4-8189-4178810502B1}.Debug|ARM64.ActiveCfg = Debug|ARM64
		{111EE50D-5E65-4EE4-8189-4178810502B1}.Debug|ARM64.Build.0 = Debug|ARM64
		{111EE50D-5E65-4EE4-8189-4178810502B1}.Debug|ARM64.Deploy.0 = Debug|ARM64
		{111EE50D-5E65-4EE4-8189-4178810502B1}.Debug|x64.ActiveCfg = Debug|x64
		{111EE50D-5E65-4EE4-8189-4178810502B1}.Debug|x64.Build.0 = Debug|x64
		{111EE50D-5E65-4EE4-8189-4178810502B1}.Debug|x64.Deploy.0 = Debug|x64
		{111EE50D-5E65-4EE4-8189-4178810502B1}.Debug|x86.ActiveCfg = Debug|x86
		{111EE50D-5E65-4EE4-8189-4178810502B1}.Debug|x86.Build.0 = Debug|x86
		{111EE50D-5E65-4EE4-8189-4178810502B1}.Debug|x86.Deploy.0 = Debug|x86
		{111EE50D-5E65-4EE4-8189-4178810502B1}.Release|Any CPU.ActiveCfg = Release|x86
		{111EE50D-5E65-4EE4-8189-4178810502B1}.Release|ARM.ActiveCfg = Release|ARM
		{111EE50D-5E65-4EE4-8189-4178810502B1}.Release|ARM.Build.0 = Release|ARM
		{111EE50D-5E65-4EE4-8189-4178810502B1}.Release|ARM.Deploy.0 = Release|ARM
		{111EE50D-5E65-4EE4-8189-4178810502B1}.Release|ARM64.ActiveCfg = Release|ARM64
		{111EE50D-5E65-4EE4-8189-4178810502B1}.Release|ARM64.Build.0 = Release|ARM64
		{111EE50D-5E65-4EE4-8189-4178810502B1}.Release|ARM64.Deploy.0 = Release|ARM64
		{111EE50D-5E65-4EE4-8189-4178810502B1}.Release|x64.ActiveCfg = Release|x64
		{111EE50D-5E65-4EE4-8189-4178810502B1}.Release|x64.Build.0 = Release|x64
		{111EE50D-5E65-4EE4-8189-4178810502B1}.Release|x64.Deploy.0 = Release|x64
		{111EE50D-5E65-4EE4-8189-4178810502B1}.Release|x86.ActiveCfg = Release|x86
		{111EE50D-5E65-4EE4-8189-4178810502B1}.Release|x86.Build.0 = Release|x86
		{111EE50D-5E65-4EE4-8189-4178810502B1}.Release|x86.Deploy.0 = Release|x86
		{6BD910A6-E8CF-4CCA-96C5-FA3B5F23B1D7}.Debug|Any CPU.ActiveCfg = Debug|Any CPU
		{6BD910A6-E8CF-4CCA-96C5-FA3B5F23B1D7}.Debug|Any CPU.Build.0 = Debug|Any CPU
		{6BD910A6-E8CF-4CCA-96C5-FA3B5F23B1D7}.Debug|ARM.ActiveCfg = Debug|Any CPU
		{6BD910A6-E8CF-4CCA-96C5-FA3B5F23B1D7}.Debug|ARM.Build.0 = Debug|Any CPU
		{6BD910A6-E8CF-4CCA-96C5-FA3B5F23B1D7}.Debug|ARM64.ActiveCfg = Debug|Any CPU
		{6BD910A6-E8CF-4CCA-96C5-FA3B5F23B1D7}.Debug|ARM64.Build.0 = Debug|Any CPU
		{6BD910A6-E8CF-4CCA-96C5-FA3B5F23B1D7}.Debug|x64.ActiveCfg = Debug|Any CPU
		{6BD910A6-E8CF-4CCA-96C5-FA3B5F23B1D7}.Debug|x64.Build.0 = Debug|Any CPU
		{6BD910A6-E8CF-4CCA-96C5-FA3B5F23B1D7}.Debug|x86.ActiveCfg = Debug|Any CPU
		{6BD910A6-E8CF-4CCA-96C5-FA3B5F23B1D7}.Debug|x86.Build.0 = Debug|Any CPU
		{6BD910A6-E8CF-4CCA-96C5-FA3B5F23B1D7}.Release|Any CPU.ActiveCfg = Release|Any CPU
		{6BD910A6-E8CF-4CCA-96C5-FA3B5F23B1D7}.Release|Any CPU.Build.0 = Release|Any CPU
		{6BD910A6-E8CF-4CCA-96C5-FA3B5F23B1D7}.Release|ARM.ActiveCfg = Release|Any CPU
		{6BD910A6-E8CF-4CCA-96C5-FA3B5F23B1D7}.Release|ARM.Build.0 = Release|Any CPU
		{6BD910A6-E8CF-4CCA-96C5-FA3B5F23B1D7}.Release|ARM64.ActiveCfg = Release|Any CPU
		{6BD910A6-E8CF-4CCA-96C5-FA3B5F23B1D7}.Release|ARM64.Build.0 = Release|Any CPU
		{6BD910A6-E8CF-4CCA-96C5-FA3B5F23B1D7}.Release|x64.ActiveCfg = Release|Any CPU
		{6BD910A6-E8CF-4CCA-96C5-FA3B5F23B1D7}.Release|x64.Build.0 = Release|Any CPU
		{6BD910A6-E8CF-4CCA-96C5-FA3B5F23B1D7}.Release|x86.ActiveCfg = Release|Any CPU
		{6BD910A6-E8CF-4CCA-96C5-FA3B5F23B1D7}.Release|x86.Build.0 = Release|Any CPU
	EndGlobalSection
	GlobalSection(SolutionProperties) = preSolution
		HideSolutionNode = FALSE
	EndGlobalSection
	GlobalSection(NestedProjects) = preSolution
		{76E9BA7F-8E55-4B1E-9BA4-CD1A2678A5C4} = {22648676-9D92-4796-AD1A-0E867BF54D84}
		{1B0482BF-A7BA-4F1A-8003-AEF1555147CC} = {22648676-9D92-4796-AD1A-0E867BF54D84}
		{56A42DA9-7CE4-4E00-B531-3BEE6985844A} = {22648676-9D92-4796-AD1A-0E867BF54D84}
		{A9AA6236-EA7C-49F3-9C2C-B23F5480FBCB} = {22648676-9D92-4796-AD1A-0E867BF54D84}
		{29FFD05B-2375-4074-A77F-A0D2710D7BB2} = {22648676-9D92-4796-AD1A-0E867BF54D84}
		{1DD0E750-B026-4200-9518-03EF8BD1BD8A} = {22648676-9D92-4796-AD1A-0E867BF54D84}
		{E835165E-3D19-4FAC-9CF7-2E689A4B38B2} = {22648676-9D92-4796-AD1A-0E867BF54D84}
		{3C59B0B5-1E02-4C82-88C0-F4C610BF452B} = {22648676-9D92-4796-AD1A-0E867BF54D84}
		{D2ED2272-18E5-4D28-AF1F-40EBB56237D6} = {22648676-9D92-4796-AD1A-0E867BF54D84}
		{FDF2C10F-873A-4408-8420-DF3DBB25DF9A} = {22648676-9D92-4796-AD1A-0E867BF54D84}
		{ADB90793-3702-4204-8C9D-4365FE919A3B} = {22648676-9D92-4796-AD1A-0E867BF54D84}
		{753D094F-A47C-4A6E-AB72-F6B64A01A346} = {22648676-9D92-4796-AD1A-0E867BF54D84}
		{4A47A71B-96F8-489D-B52F-5D261562B74B} = {22648676-9D92-4796-AD1A-0E867BF54D84}
		{13769A57-F8F1-4C58-A2D9-2D378911F31E} = {22648676-9D92-4796-AD1A-0E867BF54D84}
		{11DC34A6-875E-4522-8591-9A235112CE02} = {22648676-9D92-4796-AD1A-0E867BF54D84}
		{891A238D-844A-4CC8-8090-2B9AAD93341A} = {22648676-9D92-4796-AD1A-0E867BF54D84}
		{EC6F1797-E855-4EB1-957C-01AA5AE9A981} = {22648676-9D92-4796-AD1A-0E867BF54D84}
		{06A6AA10-08A3-474D-BD40-5E1CD08337EC} = {1DAEE951-ED33-4BFA-ACD0-178EB89BF3DC}
		{618D2288-5018-4868-A999-66F636DCE2E7} = {1DAEE951-ED33-4BFA-ACD0-178EB89BF3DC}
		{46166DE5-6954-4812-A4ED-59D106EE7E02} = {1DAEE951-ED33-4BFA-ACD0-178EB89BF3DC}
		{80A12E29-5CCE-46BF-B6DC-33815370C4E4} = {22648676-9D92-4796-AD1A-0E867BF54D84}
		{F7B94567-7ADD-409F-99B2-76C5D3679F34} = {22648676-9D92-4796-AD1A-0E867BF54D84}
		{5CC53CC7-FE32-469A-BED3-44AFFA016EE0} = {1DAEE951-ED33-4BFA-ACD0-178EB89BF3DC}
		{126D60D8-71BF-4B7D-BAB5-2425C5337BCE} = {1DAEE951-ED33-4BFA-ACD0-178EB89BF3DC}
		{FA03D160-DFF7-4BC4-B08C-DBE0771472D7} = {1DAEE951-ED33-4BFA-ACD0-178EB89BF3DC}
		{D83E99D8-68D0-4FA8-83EB-B47C16FADCD2} = {22648676-9D92-4796-AD1A-0E867BF54D84}
		{7C82C90E-958D-4322-8F12-203F40D0CC88} = {22648676-9D92-4796-AD1A-0E867BF54D84}
		{9B56C135-B958-47B4-9268-E366697A7911} = {22648676-9D92-4796-AD1A-0E867BF54D84}
		{B476A690-CC60-4490-9DEB-B2AB45BAC04E} = {22648676-9D92-4796-AD1A-0E867BF54D84}
		{111EE50D-5E65-4EE4-8189-4178810502B1} = {22648676-9D92-4796-AD1A-0E867BF54D84}
		{6BD910A6-E8CF-4CCA-96C5-FA3B5F23B1D7} = {22648676-9D92-4796-AD1A-0E867BF54D84}
	EndGlobalSection
	GlobalSection(ExtensibilityGlobals) = postSolution
		SolutionGuid = {53836FF2-396B-493B-A2AA-392FB26D5B77}
	EndGlobalSection
EndGlobal
